
Microsoft Visual Studio Solution File, Format Version 12.00
# Visual Studio 2012
Project("{FAE04EC0-301F-11D3-BF4B-00C04F79EFBC}") = "Recipe6", "Recipe6.csproj", "{70D9CC57-2489-4484-AC7F-FEB868CF122C}"
EndProject
Global
	GlobalSection(SolutionConfigurationPlatforms) = preSolution
		Debug|Any CPU = Debug|Any CPU
		Release|Any CPU = Release|Any CPU
	EndGlobalSection
	GlobalSection(ProjectConfigurationPlatforms) = postSolution
		{70D9CC57-2489-4484-AC7F-FEB868CF122C}.Debug|Any CPU.ActiveCfg = Debug|Any CPU
		{70D9CC57-2489-4484-AC7F-FEB868CF122C}.Debug|Any CPU.Build.0 = Debug|Any CPU
		{70D9CC57-2489-4484-AC7F-FEB868CF122C}.Release|Any CPU.ActiveCfg = Release|Any CPU
		{70D9CC57-2489-4484-AC7F-FEB868CF122C}.Release|Any CPU.Build.0 = Release|Any CPU
	EndGlobalSection
	GlobalSection(SolutionProperties) = preSolution
		HideSolutionNode = FALSE
	EndGlobalSection
EndGlobal
