
Microsoft Visual Studio Solution File, Format Version 12.00
# Visual Studio 2012
Project("{FAE04EC0-301F-11D3-BF4B-00C04F79EFBC}") = "Recipe4", "Recipe4.csproj", "{0DCC3D07-A794-4B8A-B314-FB1C3BE0A6D5}"
EndProject
Global
	GlobalSection(SolutionConfigurationPlatforms) = preSolution
		Debug|Any CPU = Debug|Any CPU
		Release|Any CPU = Release|Any CPU
	EndGlobalSection
	GlobalSection(ProjectConfigurationPlatforms) = postSolution
		{0DCC3D07-A794-4B8A-B314-FB1C3BE0A6D5}.Debug|Any CPU.ActiveCfg = Debug|Any CPU
		{0DCC3D07-A794-4B8A-B314-FB1C3BE0A6D5}.Debug|Any CPU.Build.0 = Debug|Any CPU
		{0DCC3D07-A794-4B8A-B314-FB1C3BE0A6D5}.Release|Any CPU.ActiveCfg = Release|Any CPU
		{0DCC3D07-A794-4B8A-B314-FB1C3BE0A6D5}.Release|Any CPU.Build.0 = Release|Any CPU
	EndGlobalSection
	GlobalSection(SolutionProperties) = preSolution
		HideSolutionNode = FALSE
	EndGlobalSection
EndGlobal
