
Microsoft Visual Studio Solution File, Format Version 12.00
# Visual Studio 2012
Project("{FAE04EC0-301F-11D3-BF4B-00C04F79EFBC}") = "Recipe5", "Recipe5.csproj", "{301935AE-5874-499D-A7C2-0977AB7352D9}"
EndProject
Global
	GlobalSection(SolutionConfigurationPlatforms) = preSolution
		Debug|Any CPU = Debug|Any CPU
		Release|Any CPU = Release|Any CPU
	EndGlobalSection
	GlobalSection(ProjectConfigurationPlatforms) = postSolution
		{301935AE-5874-499D-A7C2-0977AB7352D9}.Debug|Any CPU.ActiveCfg = Debug|Any CPU
		{301935AE-5874-499D-A7C2-0977AB7352D9}.Debug|Any CPU.Build.0 = Debug|Any CPU
		{301935AE-5874-499D-A7C2-0977AB7352D9}.Release|Any CPU.ActiveCfg = Release|Any CPU
		{301935AE-5874-499D-A7C2-0977AB7352D9}.Release|Any CPU.Build.0 = Release|Any CPU
	EndGlobalSection
	GlobalSection(SolutionProperties) = preSolution
		HideSolutionNode = FALSE
	EndGlobalSection
EndGlobal
