
Microsoft Visual Studio Solution File, Format Version 12.00
# Visual Studio 2012
Project("{FAE04EC0-301F-11D3-BF4B-00C04F79EFBC}") = "Recipe3_8", "Recipe3_8\Recipe3_8.csproj", "{F6FF174F-F59E-497F-BAB0-8ADF7303B6DD}"
EndProject
Global
	GlobalSection(SolutionConfigurationPlatforms) = preSolution
		Debug|Any CPU = Debug|Any CPU
		Release|Any CPU = Release|Any CPU
	EndGlobalSection
	GlobalSection(ProjectConfigurationPlatforms) = postSolution
		{F6FF174F-F59E-497F-BAB0-8ADF7303B6DD}.Debug|Any CPU.ActiveCfg = Debug|Any CPU
		{F6FF174F-F59E-497F-BAB0-8ADF7303B6DD}.Debug|Any CPU.Build.0 = Debug|Any CPU
		{F6FF174F-F59E-497F-BAB0-8ADF7303B6DD}.Release|Any CPU.ActiveCfg = Release|Any CPU
		{F6FF174F-F59E-497F-BAB0-8ADF7303B6DD}.Release|Any CPU.Build.0 = Release|Any CPU
	EndGlobalSection
	GlobalSection(SolutionProperties) = preSolution
		HideSolutionNode = FALSE
	EndGlobalSection
EndGlobal
