
Microsoft Visual Studio Solution File, Format Version 12.00
# Visual Studio 2012
Project("{FAE04EC0-301F-11D3-BF4B-00C04F79EFBC}") = "Recipe3_15", "Recipe3_15\Recipe3_15.csproj", "{EAB64E0C-B2DE-4AD5-84DA-3A40FD463DFD}"
EndProject
Global
	GlobalSection(SolutionConfigurationPlatforms) = preSolution
		Debug|Any CPU = Debug|Any CPU
		Release|Any CPU = Release|Any CPU
	EndGlobalSection
	GlobalSection(ProjectConfigurationPlatforms) = postSolution
		{EAB64E0C-B2DE-4AD5-84DA-3A40FD463DFD}.Debug|Any CPU.ActiveCfg = Debug|Any CPU
		{EAB64E0C-B2DE-4AD5-84DA-3A40FD463DFD}.Debug|Any CPU.Build.0 = Debug|Any CPU
		{EAB64E0C-B2DE-4AD5-84DA-3A40FD463DFD}.Release|Any CPU.ActiveCfg = Release|Any CPU
		{EAB64E0C-B2DE-4AD5-84DA-3A40FD463DFD}.Release|Any CPU.Build.0 = Release|Any CPU
	EndGlobalSection
	GlobalSection(SolutionProperties) = preSolution
		HideSolutionNode = FALSE
	EndGlobalSection
EndGlobal
