
Microsoft Visual Studio Solution File, Format Version 12.00
# Visual Studio 2012
Project("{FAE04EC0-301F-11D3-BF4B-00C04F79EFBC}") = "Recipe5", "Recipe5\Recipe5.csproj", "{914CA9C4-DF87-4D06-B7EB-640551F22D63}"
EndProject
Global
	GlobalSection(SolutionConfigurationPlatforms) = preSolution
		Debug|x86 = Debug|x86
		Release|x86 = Release|x86
	EndGlobalSection
	GlobalSection(ProjectConfigurationPlatforms) = postSolution
		{914CA9C4-DF87-4D06-B7EB-640551F22D63}.Debug|x86.ActiveCfg = Debug|x86
		{914CA9C4-DF87-4D06-B7EB-640551F22D63}.Debug|x86.Build.0 = Debug|x86
		{914CA9C4-DF87-4D06-B7EB-640551F22D63}.Release|x86.ActiveCfg = Release|x86
		{914CA9C4-DF87-4D06-B7EB-640551F22D63}.Release|x86.Build.0 = Release|x86
	EndGlobalSection
	GlobalSection(SolutionProperties) = preSolution
		HideSolutionNode = FALSE
	EndGlobalSection
EndGlobal
