
Microsoft Visual Studio Solution File, Format Version 12.00
# Visual Studio 2012
Project("{FAE04EC0-301F-11D3-BF4B-00C04F79EFBC}") = "Recipe6", "Recipe2\Recipe6.csproj", "{C6ED6E9E-4299-4F6D-A3F3-7D3BCF959AEE}"
EndProject
Project("{FAE04EC0-301F-11D3-BF4B-00C04F79EFBC}") = "Recipe6Client", "Recipe2Client\Recipe6Client.csproj", "{977A4712-0FF2-4888-8E09-D243045302A2}"
	ProjectSection(ProjectDependencies) = postProject
		{C6ED6E9E-4299-4F6D-A3F3-7D3BCF959AEE} = {C6ED6E9E-4299-4F6D-A3F3-7D3BCF959AEE}
	EndProjectSection
EndProject
Global
	GlobalSection(SolutionConfigurationPlatforms) = preSolution
		Debug|Any CPU = Debug|Any CPU
		Debug|Mixed Platforms = Debug|Mixed Platforms
		Debug|x86 = Debug|x86
		Release|Any CPU = Release|Any CPU
		Release|Mixed Platforms = Release|Mixed Platforms
		Release|x86 = Release|x86
	EndGlobalSection
	GlobalSection(ProjectConfigurationPlatforms) = postSolution
		{C6ED6E9E-4299-4F6D-A3F3-7D3BCF959AEE}.Debug|Any CPU.ActiveCfg = Debug|Any CPU
		{C6ED6E9E-4299-4F6D-A3F3-7D3BCF959AEE}.Debug|Any CPU.Build.0 = Debug|Any CPU
		{C6ED6E9E-4299-4F6D-A3F3-7D3BCF959AEE}.Debug|Mixed Platforms.ActiveCfg = Debug|Any CPU
		{C6ED6E9E-4299-4F6D-A3F3-7D3BCF959AEE}.Debug|Mixed Platforms.Build.0 = Debug|Any CPU
		{C6ED6E9E-4299-4F6D-A3F3-7D3BCF959AEE}.Debug|x86.ActiveCfg = Debug|Any CPU
		{C6ED6E9E-4299-4F6D-A3F3-7D3BCF959AEE}.Release|Any CPU.ActiveCfg = Release|Any CPU
		{C6ED6E9E-4299-4F6D-A3F3-7D3BCF959AEE}.Release|Any CPU.Build.0 = Release|Any CPU
		{C6ED6E9E-4299-4F6D-A3F3-7D3BCF959AEE}.Release|Mixed Platforms.ActiveCfg = Release|Any CPU
		{C6ED6E9E-4299-4F6D-A3F3-7D3BCF959AEE}.Release|Mixed Platforms.Build.0 = Release|Any CPU
		{C6ED6E9E-4299-4F6D-A3F3-7D3BCF959AEE}.Release|x86.ActiveCfg = Release|Any CPU
		{977A4712-0FF2-4888-8E09-D243045302A2}.Debug|Any CPU.ActiveCfg = Debug|x86
		{977A4712-0FF2-4888-8E09-D243045302A2}.Debug|Mixed Platforms.ActiveCfg = Debug|x86
		{977A4712-0FF2-4888-8E09-D243045302A2}.Debug|Mixed Platforms.Build.0 = Debug|x86
		{977A4712-0FF2-4888-8E09-D243045302A2}.Debug|x86.ActiveCfg = Debug|x86
		{977A4712-0FF2-4888-8E09-D243045302A2}.Debug|x86.Build.0 = Debug|x86
		{977A4712-0FF2-4888-8E09-D243045302A2}.Release|Any CPU.ActiveCfg = Release|x86
		{977A4712-0FF2-4888-8E09-D243045302A2}.Release|Mixed Platforms.ActiveCfg = Release|x86
		{977A4712-0FF2-4888-8E09-D243045302A2}.Release|Mixed Platforms.Build.0 = Release|x86
		{977A4712-0FF2-4888-8E09-D243045302A2}.Release|x86.ActiveCfg = Release|x86
		{977A4712-0FF2-4888-8E09-D243045302A2}.Release|x86.Build.0 = Release|x86
	EndGlobalSection
	GlobalSection(SolutionProperties) = preSolution
		HideSolutionNode = FALSE
	EndGlobalSection
EndGlobal
