
Microsoft Visual Studio Solution File, Format Version 12.00
# Visual Studio 2012
Project("{FAE04EC0-301F-11D3-BF4B-00C04F79EFBC}") = "Recipe3_11", "Recipe3_11\Recipe3_11.csproj", "{1BC0A029-0DCF-496E-9F90-C8A9CD8E2137}"
EndProject
Global
	GlobalSection(SolutionConfigurationPlatforms) = preSolution
		Debug|Any CPU = Debug|Any CPU
		Release|Any CPU = Release|Any CPU
	EndGlobalSection
	GlobalSection(ProjectConfigurationPlatforms) = postSolution
		{1BC0A029-0DCF-496E-9F90-C8A9CD8E2137}.Debug|Any CPU.ActiveCfg = Debug|Any CPU
		{1BC0A029-0DCF-496E-9F90-C8A9CD8E2137}.Debug|Any CPU.Build.0 = Debug|Any CPU
		{1BC0A029-0DCF-496E-9F90-C8A9CD8E2137}.Release|Any CPU.ActiveCfg = Release|Any CPU
		{1BC0A029-0DCF-496E-9F90-C8A9CD8E2137}.Release|Any CPU.Build.0 = Release|Any CPU
	EndGlobalSection
	GlobalSection(SolutionProperties) = preSolution
		HideSolutionNode = FALSE
	EndGlobalSection
EndGlobal
