
Microsoft Visual Studio Solution File, Format Version 12.00
# Visual Studio 2012
Project("{FAE04EC0-301F-11D3-BF4B-00C04F79EFBC}") = "Recipe12", "Recipe12\Recipe12.csproj", "{6FCC49D0-FE00-4C63-8B7B-FF711004D666}"
EndProject
Global
	GlobalSection(SolutionConfigurationPlatforms) = preSolution
		Debug|x86 = Debug|x86
		Release|x86 = Release|x86
	EndGlobalSection
	GlobalSection(ProjectConfigurationPlatforms) = postSolution
		{6FCC49D0-FE00-4C63-8B7B-FF711004D666}.Debug|x86.ActiveCfg = Debug|x86
		{6FCC49D0-FE00-4C63-8B7B-FF711004D666}.Debug|x86.Build.0 = Debug|x86
		{6FCC49D0-FE00-4C63-8B7B-FF711004D666}.Release|x86.ActiveCfg = Release|x86
		{6FCC49D0-FE00-4C63-8B7B-FF711004D666}.Release|x86.Build.0 = Release|x86
	EndGlobalSection
	GlobalSection(SolutionProperties) = preSolution
		HideSolutionNode = FALSE
	EndGlobalSection
EndGlobal
