
Microsoft Visual Studio Solution File, Format Version 12.00
# Visual Studio 2012
Project("{FAE04EC0-301F-11D3-BF4B-00C04F79EFBC}") = "Recipe4.Service", "Recipe4.Service\Recipe4.Service.csproj", "{249A1FC6-B377-4B74-84C4-A1A1F88B4827}"
EndProject
Global
	GlobalSection(SolutionConfigurationPlatforms) = preSolution
		Debug|Any CPU = Debug|Any CPU
		Release|Any CPU = Release|Any CPU
	EndGlobalSection
	GlobalSection(ProjectConfigurationPlatforms) = postSolution
		{249A1FC6-B377-4B74-84C4-A1A1F88B4827}.Debug|Any CPU.ActiveCfg = Debug|Any CPU
		{249A1FC6-B377-4B74-84C4-A1A1F88B4827}.Debug|Any CPU.Build.0 = Debug|Any CPU
		{249A1FC6-B377-4B74-84C4-A1A1F88B4827}.Release|Any CPU.ActiveCfg = Release|Any CPU
		{249A1FC6-B377-4B74-84C4-A1A1F88B4827}.Release|Any CPU.Build.0 = Release|Any CPU
	EndGlobalSection
	GlobalSection(SolutionProperties) = preSolution
		HideSolutionNode = FALSE
	EndGlobalSection
EndGlobal
