
Microsoft Visual Studio Solution File, Format Version 12.00
# Visual Studio 2012
Project("{FAE04EC0-301F-11D3-BF4B-00C04F79EFBC}") = "BookRepository", "BookRepository\BookRepository.csproj", "{B114A9EB-2E23-4EEC-AF51-FA9A459A5AC3}"
EndProject
Project("{FAE04EC0-301F-11D3-BF4B-00C04F79EFBC}") = "BookRepositoryTest", "BookRepositoryTest\BookRepositoryTest.csproj", "{C4D2A1A7-8626-4A63-BC10-C8CE8A455AD9}"
EndProject
Global
	GlobalSection(SolutionConfigurationPlatforms) = preSolution
		Debug|Any CPU = Debug|Any CPU
		Release|Any CPU = Release|Any CPU
	EndGlobalSection
	GlobalSection(ProjectConfigurationPlatforms) = postSolution
		{B114A9EB-2E23-4EEC-AF51-FA9A459A5AC3}.Debug|Any CPU.ActiveCfg = Debug|Any CPU
		{B114A9EB-2E23-4EEC-AF51-FA9A459A5AC3}.Debug|Any CPU.Build.0 = Debug|Any CPU
		{B114A9EB-2E23-4EEC-AF51-FA9A459A5AC3}.Release|Any CPU.ActiveCfg = Release|Any CPU
		{B114A9EB-2E23-4EEC-AF51-FA9A459A5AC3}.Release|Any CPU.Build.0 = Release|Any CPU
		{C4D2A1A7-8626-4A63-BC10-C8CE8A455AD9}.Debug|Any CPU.ActiveCfg = Debug|Any CPU
		{C4D2A1A7-8626-4A63-BC10-C8CE8A455AD9}.Debug|Any CPU.Build.0 = Debug|Any CPU
		{C4D2A1A7-8626-4A63-BC10-C8CE8A455AD9}.Release|Any CPU.ActiveCfg = Release|Any CPU
		{C4D2A1A7-8626-4A63-BC10-C8CE8A455AD9}.Release|Any CPU.Build.0 = Release|Any CPU
	EndGlobalSection
	GlobalSection(SolutionProperties) = preSolution
		HideSolutionNode = FALSE
	EndGlobalSection
EndGlobal
