
Microsoft Visual Studio Solution File, Format Version 12.00
# Visual Studio 2012
Project("{FAE04EC0-301F-11D3-BF4B-00C04F79EFBC}") = "Recipe3_12", "Recipe3_12\Recipe3_12.csproj", "{2E42F1EA-0F00-4483-9F44-ECB5B48794BA}"
EndProject
Global
	GlobalSection(SolutionConfigurationPlatforms) = preSolution
		Debug|Any CPU = Debug|Any CPU
		Release|Any CPU = Release|Any CPU
	EndGlobalSection
	GlobalSection(ProjectConfigurationPlatforms) = postSolution
		{2E42F1EA-0F00-4483-9F44-ECB5B48794BA}.Debug|Any CPU.ActiveCfg = Debug|Any CPU
		{2E42F1EA-0F00-4483-9F44-ECB5B48794BA}.Debug|Any CPU.Build.0 = Debug|Any CPU
		{2E42F1EA-0F00-4483-9F44-ECB5B48794BA}.Release|Any CPU.ActiveCfg = Release|Any CPU
		{2E42F1EA-0F00-4483-9F44-ECB5B48794BA}.Release|Any CPU.Build.0 = Release|Any CPU
	EndGlobalSection
	GlobalSection(SolutionProperties) = preSolution
		HideSolutionNode = FALSE
	EndGlobalSection
EndGlobal
