
Microsoft Visual Studio Solution File, Format Version 12.00
# Visual Studio 2012
Project("{FAE04EC0-301F-11D3-BF4B-00C04F79EFBC}") = "Recipe3.Client", "Recipe3.Client\Recipe3.Client.csproj", "{14D917FC-6E35-4C93-A1CC-5C4A4D48E45F}"
EndProject
Global
	GlobalSection(SolutionConfigurationPlatforms) = preSolution
		Debug|Any CPU = Debug|Any CPU
		Release|Any CPU = Release|Any CPU
	EndGlobalSection
	GlobalSection(ProjectConfigurationPlatforms) = postSolution
		{14D917FC-6E35-4C93-A1CC-5C4A4D48E45F}.Debug|Any CPU.ActiveCfg = Debug|Any CPU
		{14D917FC-6E35-4C93-A1CC-5C4A4D48E45F}.Debug|Any CPU.Build.0 = Debug|Any CPU
		{14D917FC-6E35-4C93-A1CC-5C4A4D48E45F}.Release|Any CPU.ActiveCfg = Release|Any CPU
		{14D917FC-6E35-4C93-A1CC-5C4A4D48E45F}.Release|Any CPU.Build.0 = Release|Any CPU
	EndGlobalSection
	GlobalSection(SolutionProperties) = preSolution
		HideSolutionNode = FALSE
	EndGlobalSection
EndGlobal
